{
  "name": "volume-brush",
  "version": "1.0.0",
  "lockfileVersion": 1,
  "requires": true,
  "dependencies": {
    "isosurface": {
      "version": "1.0.0",
      "resolved": "https://registry.npmjs.org/isosurface/-/isosurface-1.0.0.tgz",
      "integrity": "sha1-fCTax7pv/21ktASNlsFAlYA1Hu0="
    },
    "math-ds": {
      "version": "1.1.3",
      "resolved": "https://registry.npmjs.org/math-ds/-/math-ds-1.1.3.tgz",
      "integrity": "sha512-Bn4cqPhOuh5K/OvDQK74UXFXuT692DWqly0g8e6dJVBaFilW5FbB0Bp4lReUST7tw9n8+FhCQERXongiQak2GQ=="
    },
    "sparse-octree": {
      "version": "5.2.1",
      "resolved": "https://registry.npmjs.org/sparse-octree/-/sparse-octree-5.2.1.tgz",
      "integrity": "sha512-gDV3M4EWy9QxjRmo7vbegOel97w2NUnFcBTTHz3idpvK3bGvASpnxqmvpdbT6VLAqhd3M/FIT+nqxI9TJKB32Q=="
    }
  }
}
